
Microsoft Visual Studio Solution File, Format Version 12.00
# Visual Studio Version 17
VisualStudioVersion = 17.14.36414.22
MinimumVisualStudioVersion = 10.0.40219.1
Project("{FAE04EC0-301F-11D3-BF4B-00C04F79EFBC}") = "ConsoleApp1", "ConsoleApp1\ConsoleApp1.csproj", "{B16EE73C-8604-4BC8-98F0-11AC2024B69C}"
EndProject
Project("{FAE04EC0-301F-11D3-BF4B-00C04F79EFBC}") = "NamesHelper", "NamesHelper\NamesHelper.csproj", "{19C938C5-6C44-72D7-39F0-B9D42D3810D9}"
EndProject
Project("{FAE04EC0-301F-11D3-BF4B-00C04F79EFBC}") = "NamesHelper.Tests", "NamesHelper.Tests\NamesHelper.Tests.csproj", "{8C258948-950C-2DDD-6F24-B1019AD36066}"
EndProject
Global
	GlobalSection(SolutionConfigurationPlatforms) = preSolution
		Debug|Any CPU = Debug|Any CPU
		Debug|x64 = Debug|x64
		Debug|x86 = Debug|x86
		Release|Any CPU = Release|Any CPU
		Release|x64 = Release|x64
		Release|x86 = Release|x86
	EndGlobalSection
	GlobalSection(ProjectConfigurationPlatforms) = postSolution
		{B16EE73C-8604-4BC8-98F0-11AC2024B69C}.Debug|Any CPU.ActiveCfg = Debug|Any CPU
		{B16EE73C-8604-4BC8-98F0-11AC2024B69C}.Debug|Any CPU.Build.0 = Debug|Any CPU
		{B16EE73C-8604-4BC8-98F0-11AC2024B69C}.Debug|x64.ActiveCfg = Debug|Any CPU
		{B16EE73C-8604-4BC8-98F0-11AC2024B69C}.Debug|x64.Build.0 = Debug|Any CPU
		{B16EE73C-8604-4BC8-98F0-11AC2024B69C}.Debug|x86.ActiveCfg = Debug|Any CPU
		{B16EE73C-8604-4BC8-98F0-11AC2024B69C}.Debug|x86.Build.0 = Debug|Any CPU
		{B16EE73C-8604-4BC8-98F0-11AC2024B69C}.Release|Any CPU.ActiveCfg = Release|Any CPU
		{B16EE73C-8604-4BC8-98F0-11AC2024B69C}.Release|Any CPU.Build.0 = Release|Any CPU
		{B16EE73C-8604-4BC8-98F0-11AC2024B69C}.Release|x64.ActiveCfg = Release|Any CPU
		{B16EE73C-8604-4BC8-98F0-11AC2024B69C}.Release|x64.Build.0 = Release|Any CPU
		{B16EE73C-8604-4BC8-98F0-11AC2024B69C}.Release|x86.ActiveCfg = Release|Any CPU
		{B16EE73C-8604-4BC8-98F0-11AC2024B69C}.Release|x86.Build.0 = Release|Any CPU
		{19C938C5-6C44-72D7-39F0-B9D42D3810D9}.Debug|Any CPU.ActiveCfg = Debug|Any CPU
		{19C938C5-6C44-72D7-39F0-B9D42D3810D9}.Debug|Any CPU.Build.0 = Debug|Any CPU
		{19C938C5-6C44-72D7-39F0-B9D42D3810D9}.Debug|x64.ActiveCfg = Debug|Any CPU
		{19C938C5-6C44-72D7-39F0-B9D42D3810D9}.Debug|x64.Build.0 = Debug|Any CPU
		{19C938C5-6C44-72D7-39F0-B9D42D3810D9}.Debug|x86.ActiveCfg = Debug|Any CPU
		{19C938C5-6C44-72D7-39F0-B9D42D3810D9}.Debug|x86.Build.0 = Debug|Any CPU
		{19C938C5-6C44-72D7-39F0-B9D42D3810D9}.Release|Any CPU.ActiveCfg = Release|Any CPU
		{19C938C5-6C44-72D7-39F0-B9D42D3810D9}.Release|Any CPU.Build.0 = Release|Any CPU
		{19C938C5-6C44-72D7-39F0-B9D42D3810D9}.Release|x64.ActiveCfg = Release|Any CPU
		{19C938C5-6C44-72D7-39F0-B9D42D3810D9}.Release|x64.Build.0 = Release|Any CPU
		{19C938C5-6C44-72D7-39F0-B9D42D3810D9}.Release|x86.ActiveCfg = Release|Any CPU
		{19C938C5-6C44-72D7-39F0-B9D42D3810D9}.Release|x86.Build.0 = Release|Any CPU
		{8C258948-950C-2DDD-6F24-B1019AD36066}.Debug|Any CPU.ActiveCfg = Debug|Any CPU
		{8C258948-950C-2DDD-6F24-B1019AD36066}.Debug|Any CPU.Build.0 = Debug|Any CPU
		{8C258948-950C-2DDD-6F24-B1019AD36066}.Debug|x64.ActiveCfg = Debug|Any CPU
		{8C258948-950C-2DDD-6F24-B1019AD36066}.Debug|x64.Build.0 = Debug|Any CPU
		{8C258948-950C-2DDD-6F24-B1019AD36066}.Debug|x86.ActiveCfg = Debug|Any CPU
		{8C258948-950C-2DDD-6F24-B1019AD36066}.Debug|x86.Build.0 = Debug|Any CPU
		{8C258948-950C-2DDD-6F24-B1019AD36066}.Release|Any CPU.ActiveCfg = Release|Any CPU
		{8C258948-950C-2DDD-6F24-B1019AD36066}.Release|Any CPU.Build.0 = Release|Any CPU
		{8C258948-950C-2DDD-6F24-B1019AD36066}.Release|x64.ActiveCfg = Release|Any CPU
		{8C258948-950C-2DDD-6F24-B1019AD36066}.Release|x64.Build.0 = Release|Any CPU
		{8C258948-950C-2DDD-6F24-B1019AD36066}.Release|x86.ActiveCfg = Release|Any CPU
		{8C258948-950C-2DDD-6F24-B1019AD36066}.Release|x86.Build.0 = Release|Any CPU
	EndGlobalSection
	GlobalSection(SolutionProperties) = preSolution
		HideSolutionNode = FALSE
	EndGlobalSection
	GlobalSection(ExtensibilityGlobals) = postSolution
		SolutionGuid = {870BD100-0842-4228-9293-8CE49433AF93}
	EndGlobalSection
EndGlobal
